
Microsoft Visual Studio Solution File, Format Version 12.00
# Visual Studio Version 16
VisualStudioVersion = 16.0.32106.194
MinimumVisualStudioVersion = 10.0.40219.1
Project("{FAE04EC0-301F-11D3-BF4B-00C04F79EFBC}") = "TaskManagerDraw", "TaskManagerDraw\TaskManagerDraw.csproj", "{F34BF163-5AD7-4C6A-85A4-77E8FC612444}"
EndProject
Global
	GlobalSection(SolutionConfigurationPlatforms) = preSolution
		Debug|Any CPU = Debug|Any CPU
		Release|Any CPU = Release|Any CPU
	EndGlobalSection
	GlobalSection(ProjectConfigurationPlatforms) = postSolution
		{F34BF163-5AD7-4C6A-85A4-77E8FC612444}.Debug|Any CPU.ActiveCfg = Debug|Any CPU
		{F34BF163-5AD7-4C6A-85A4-77E8FC612444}.Debug|Any CPU.Build.0 = Debug|Any CPU
		{F34BF163-5AD7-4C6A-85A4-77E8FC612444}.Release|Any CPU.ActiveCfg = Release|Any CPU
		{F34BF163-5AD7-4C6A-85A4-77E8FC612444}.Release|Any CPU.Build.0 = Release|Any CPU
	EndGlobalSection
	GlobalSection(SolutionProperties) = preSolution
		HideSolutionNode = FALSE
	EndGlobalSection
	GlobalSection(ExtensibilityGlobals) = postSolution
		SolutionGuid = {6ED0F910-2BCE-40F1-9E06-6055A226D924}
	EndGlobalSection
EndGlobal
